
Microsoft Visual Studio Solution File, Format Version 12.00
# Visual Studio Version 16
VisualStudioVersion = 16.0.32126.315
MinimumVisualStudioVersion = 10.0.40219.1
Project("{2150E333-8FDC-42A3-9474-1A3956D46DE8}") = "src", "src", "{D4801FFE-F3EB-405B-A41A-50789000AB89}"
EndProject
Project("{2150E333-8FDC-42A3-9474-1A3956D46DE8}") = "Core", "Core", "{FC2CCEB4-8C73-46E1-B4E6-D9D30221DBC5}"
EndProject
Project("{2150E333-8FDC-42A3-9474-1A3956D46DE8}") = "Presentation", "Presentation", "{433EE5F4-5E53-41BE-8E80-BAAA1917DDDC}"
EndProject
Project("{2150E333-8FDC-42A3-9474-1A3956D46DE8}") = "Infraestructure", "Infraestructure", "{C573CFFF-E6C0-4601-A980-704012C55DA1}"
EndProject
Project("{9A19103F-16F7-4668-BE54-9A1E7A4F7556}") = "Domain", "Domain\Domain.csproj", "{F761C33C-729C-4F9A-BE14-05DB3DEC7931}"
EndProject
Project("{9A19103F-16F7-4668-BE54-9A1E7A4F7556}") = "Application", "Application\Application.csproj", "{E60F0B6F-82FA-4E86-A84F-14788593888A}"
EndProject
Project("{FAE04EC0-301F-11D3-BF4B-00C04F79EFBC}") = "Persistence", "Persistence\Persistence.csproj", "{FC6FAD0B-0ADA-4499-A062-4AF19D6B8577}"
EndProject
Project("{FAE04EC0-301F-11D3-BF4B-00C04F79EFBC}") = "Shared", "Shared\Shared.csproj", "{6798A742-830D-4510-A0A9-49048F8F0C03}"
EndProject
Project("{FAE04EC0-301F-11D3-BF4B-00C04F79EFBC}") = "WebAPI", "WebAPI\WebAPI.csproj", "{812D8A23-8B5B-4B0E-9E50-5D9827E2A3FE}"
EndProject
Global
	GlobalSection(SolutionConfigurationPlatforms) = preSolution
		Debug|Any CPU = Debug|Any CPU
		Release|Any CPU = Release|Any CPU
	EndGlobalSection
	GlobalSection(ProjectConfigurationPlatforms) = postSolution
		{F761C33C-729C-4F9A-BE14-05DB3DEC7931}.Debug|Any CPU.ActiveCfg = Debug|Any CPU
		{F761C33C-729C-4F9A-BE14-05DB3DEC7931}.Debug|Any CPU.Build.0 = Debug|Any CPU
		{F761C33C-729C-4F9A-BE14-05DB3DEC7931}.Release|Any CPU.ActiveCfg = Release|Any CPU
		{F761C33C-729C-4F9A-BE14-05DB3DEC7931}.Release|Any CPU.Build.0 = Release|Any CPU
		{E60F0B6F-82FA-4E86-A84F-14788593888A}.Debug|Any CPU.ActiveCfg = Debug|Any CPU
		{E60F0B6F-82FA-4E86-A84F-14788593888A}.Debug|Any CPU.Build.0 = Debug|Any CPU
		{E60F0B6F-82FA-4E86-A84F-14788593888A}.Release|Any CPU.ActiveCfg = Release|Any CPU
		{E60F0B6F-82FA-4E86-A84F-14788593888A}.Release|Any CPU.Build.0 = Release|Any CPU
		{FC6FAD0B-0ADA-4499-A062-4AF19D6B8577}.Debug|Any CPU.ActiveCfg = Debug|Any CPU
		{FC6FAD0B-0ADA-4499-A062-4AF19D6B8577}.Debug|Any CPU.Build.0 = Debug|Any CPU
		{FC6FAD0B-0ADA-4499-A062-4AF19D6B8577}.Release|Any CPU.ActiveCfg = Release|Any CPU
		{FC6FAD0B-0ADA-4499-A062-4AF19D6B8577}.Release|Any CPU.Build.0 = Release|Any CPU
		{6798A742-830D-4510-A0A9-49048F8F0C03}.Debug|Any CPU.ActiveCfg = Debug|Any CPU
		{6798A742-830D-4510-A0A9-49048F8F0C03}.Debug|Any CPU.Build.0 = Debug|Any CPU
		{6798A742-830D-4510-A0A9-49048F8F0C03}.Release|Any CPU.ActiveCfg = Release|Any CPU
		{6798A742-830D-4510-A0A9-49048F8F0C03}.Release|Any CPU.Build.0 = Release|Any CPU
		{812D8A23-8B5B-4B0E-9E50-5D9827E2A3FE}.Debug|Any CPU.ActiveCfg = Debug|Any CPU
		{812D8A23-8B5B-4B0E-9E50-5D9827E2A3FE}.Debug|Any CPU.Build.0 = Debug|Any CPU
		{812D8A23-8B5B-4B0E-9E50-5D9827E2A3FE}.Release|Any CPU.ActiveCfg = Release|Any CPU
		{812D8A23-8B5B-4B0E-9E50-5D9827E2A3FE}.Release|Any CPU.Build.0 = Release|Any CPU
	EndGlobalSection
	GlobalSection(SolutionProperties) = preSolution
		HideSolutionNode = FALSE
	EndGlobalSection
	GlobalSection(NestedProjects) = preSolution
		{FC2CCEB4-8C73-46E1-B4E6-D9D30221DBC5} = {D4801FFE-F3EB-405B-A41A-50789000AB89}
		{433EE5F4-5E53-41BE-8E80-BAAA1917DDDC} = {D4801FFE-F3EB-405B-A41A-50789000AB89}
		{C573CFFF-E6C0-4601-A980-704012C55DA1} = {D4801FFE-F3EB-405B-A41A-50789000AB89}
		{F761C33C-729C-4F9A-BE14-05DB3DEC7931} = {FC2CCEB4-8C73-46E1-B4E6-D9D30221DBC5}
		{E60F0B6F-82FA-4E86-A84F-14788593888A} = {FC2CCEB4-8C73-46E1-B4E6-D9D30221DBC5}
		{FC6FAD0B-0ADA-4499-A062-4AF19D6B8577} = {C573CFFF-E6C0-4601-A980-704012C55DA1}
		{6798A742-830D-4510-A0A9-49048F8F0C03} = {C573CFFF-E6C0-4601-A980-704012C55DA1}
		{812D8A23-8B5B-4B0E-9E50-5D9827E2A3FE} = {433EE5F4-5E53-41BE-8E80-BAAA1917DDDC}
	EndGlobalSection
	GlobalSection(ExtensibilityGlobals) = postSolution
		SolutionGuid = {B9412B30-823B-4C27-8525-30D54093C915}
	EndGlobalSection
EndGlobal
